
Microsoft Visual Studio Solution File, Format Version 12.00
# Visual Studio Version 17
VisualStudioVersion = 17.6.33723.286
MinimumVisualStudioVersion = 10.0.40219.1
Project("{FAE04EC0-301F-11D3-BF4B-00C04F79EFBC}") = "I want to kill myself", "I want to kill myself\I want to kill myself.csproj", "{F2BC5780-A367-458E-A70B-C974240DCCCD}"
EndProject
Global
	GlobalSection(SolutionConfigurationPlatforms) = preSolution
		Debug|Any CPU = Debug|Any CPU
		Release|Any CPU = Release|Any CPU
	EndGlobalSection
	GlobalSection(ProjectConfigurationPlatforms) = postSolution
		{F2BC5780-A367-458E-A70B-C974240DCCCD}.Debug|Any CPU.ActiveCfg = Debug|Any CPU
		{F2BC5780-A367-458E-A70B-C974240DCCCD}.Debug|Any CPU.Build.0 = Debug|Any CPU
		{F2BC5780-A367-458E-A70B-C974240DCCCD}.Release|Any CPU.ActiveCfg = Release|Any CPU
		{F2BC5780-A367-458E-A70B-C974240DCCCD}.Release|Any CPU.Build.0 = Release|Any CPU
	EndGlobalSection
	GlobalSection(SolutionProperties) = preSolution
		HideSolutionNode = FALSE
	EndGlobalSection
	GlobalSection(ExtensibilityGlobals) = postSolution
		SolutionGuid = {D7FC2D4D-622A-4FF4-A7F8-11D29F34ED39}
	EndGlobalSection
EndGlobal
