
Microsoft Visual Studio Solution File, Format Version 12.00
# Visual Studio Version 17
VisualStudioVersion = 17.0.31919.166
MinimumVisualStudioVersion = 10.0.40219.1
Project("{FAE04EC0-301F-11D3-BF4B-00C04F79EFBC}") = "Gibbi", "Gibbi.csproj", "{337DD755-2C8C-4B28-B714-A1A7DA2D0A42}"
EndProject
Global
	GlobalSection(SolutionConfigurationPlatforms) = preSolution
		Debug|Any CPU = Debug|Any CPU
		Release|Any CPU = Release|Any CPU
	EndGlobalSection
	GlobalSection(ProjectConfigurationPlatforms) = postSolution
		{337DD755-2C8C-4B28-B714-A1A7DA2D0A42}.Debug|Any CPU.ActiveCfg = Debug|Any CPU
		{337DD755-2C8C-4B28-B714-A1A7DA2D0A42}.Debug|Any CPU.Build.0 = Debug|Any CPU
		{337DD755-2C8C-4B28-B714-A1A7DA2D0A42}.Release|Any CPU.ActiveCfg = Release|Any CPU
		{337DD755-2C8C-4B28-B714-A1A7DA2D0A42}.Release|Any CPU.Build.0 = Release|Any CPU
	EndGlobalSection
	GlobalSection(SolutionProperties) = preSolution
		HideSolutionNode = FALSE
	EndGlobalSection
	GlobalSection(ExtensibilityGlobals) = postSolution
		SolutionGuid = {C8C306FF-799E-4790-B313-FD57302D0CC5}
	EndGlobalSection
EndGlobal
